
Microsoft Visual Studio Solution File, Format Version 12.00
# Visual Studio 15
VisualStudioVersion = 15.0.28307.572
MinimumVisualStudioVersion = 10.0.40219.1
Project("{FAE04EC0-301F-11D3-BF4B-00C04F79EFBC}") = "SnykDemo", "SnykDemo\SnykDemo.csproj", "{26EBDC42-CDD2-4CB2-8589-15AAEBED5C34}"
EndProject
Global
	GlobalSection(SolutionConfigurationPlatforms) = preSolution
		Debug|Any CPU = Debug|Any CPU
		Release|Any CPU = Release|Any CPU
	EndGlobalSection
	GlobalSection(ProjectConfigurationPlatforms) = postSolution
		{26EBDC42-CDD2-4CB2-8589-15AAEBED5C34}.Debug|Any CPU.ActiveCfg = Debug|Any CPU
		{26EBDC42-CDD2-4CB2-8589-15AAEBED5C34}.Debug|Any CPU.Build.0 = Debug|Any CPU
		{26EBDC42-CDD2-4CB2-8589-15AAEBED5C34}.Release|Any CPU.ActiveCfg = Release|Any CPU
		{26EBDC42-CDD2-4CB2-8589-15AAEBED5C34}.Release|Any CPU.Build.0 = Release|Any CPU
	EndGlobalSection
	GlobalSection(SolutionProperties) = preSolution
		HideSolutionNode = FALSE
	EndGlobalSection
	GlobalSection(ExtensibilityGlobals) = postSolution
		SolutionGuid = {1688F914-3925-4165-B67A-762307ABF50A}
	EndGlobalSection
EndGlobal
